// !$*UTF8*$!
{
	archiveVersion = 1;
	classes = {
	};
	objectVersion = 46;
	objects = {

/* Begin PBXBuildFile section */
		52367CB017FC329100C1DA60 /* Foundation.framework in Frameworks */ = {isa = PBXBuildFile; fileRef = 52367CAF17FC329100C1DA60 /* Foundation.framework */; };
		52367CB217FC329100C1DA60 /* CoreGraphics.framework in Frameworks */ = {isa = PBXBuildFile; fileRef = 52367CB117FC329100C1DA60 /* CoreGraphics.framework */; };
		52367CB417FC329100C1DA60 /* UIKit.framework in Frameworks */ = {isa = PBXBuildFile; fileRef = 52367CB317FC329100C1DA60 /* UIKit.framework */; };
		52367CBA17FC329100C1DA60 /* InfoPlist.strings in Resources */ = {isa = PBXBuildFile; fileRef = 52367CB817FC329100C1DA60 /* InfoPlist.strings */; };
		52367CBC17FC329100C1DA60 /* main.m in Sources */ = {isa = PBXBuildFile; fileRef = 52367CBB17FC329100C1DA60 /* main.m */; };
		52367CC017FC329100C1DA60 /* AppDelegate.m in Sources */ = {isa = PBXBuildFile; fileRef = 52367CBF17FC329100C1DA60 /* AppDelegate.m */; };
		52367CC317FC329100C1DA60 /* Main_iPhone.storyboard in Resources */ = {isa = PBXBuildFile; fileRef = 52367CC117FC329100C1DA60 /* Main_iPhone.storyboard */; };
		52367CC617FC329100C1DA60 /* Main_iPad.storyboard in Resources */ = {isa = PBXBuildFile; fileRef = 52367CC417FC329100C1DA60 /* Main_iPad.storyboard */; };
		52367CC917FC329100C1DA60 /* ViewController.m in Sources */ = {isa = PBXBuildFile; fileRef = 52367CC817FC329100C1DA60 /* ViewController.m */; };
		52367CCB17FC329100C1DA60 /* Images.xcassets in Resources */ = {isa = PBXBuildFile; fileRef = 52367CCA17FC329100C1DA60 /* Images.xcassets */; };
		52367CD217FC329100C1DA60 /* XCTest.framework in Frameworks */ = {isa = PBXBuildFile; fileRef = 52367CD117FC329100C1DA60 /* XCTest.framework */; };
		52367CD317FC329100C1DA60 /* Foundation.framework in Frameworks */ = {isa = PBXBuildFile; fileRef = 52367CAF17FC329100C1DA60 /* Foundation.framework */; };
		52367CD417FC329100C1DA60 /* UIKit.framework in Frameworks */ = {isa = PBXBuildFile; fileRef = 52367CB317FC329100C1DA60 /* UIKit.framework */; };
		52367CDC17FC329100C1DA60 /* InfoPlist.strings in Resources */ = {isa = PBXBuildFile; fileRef = 52367CDA17FC329100C1DA60 /* InfoPlist.strings */; };
		52367CDE17FC329100C1DA60 /* numericalMethodsTests.m in Sources */ = {isa = PBXBuildFile; fileRef = 52367CDD17FC329100C1DA60 /* numericalMethodsTests.m */; };
		525F0A9D1851FBA800A14402 /* UIPickerViewSchemeParabolic2d.m in Sources */ = {isa = PBXBuildFile; fileRef = 525F0A9C1851FBA800A14402 /* UIPickerViewSchemeParabolic2d.m */; };
		525F0AA01851FBC000A14402 /* UIPickerViewVariableParabolic2d.m in Sources */ = {isa = PBXBuildFile; fileRef = 525F0A9F1851FBC000A14402 /* UIPickerViewVariableParabolic2d.m */; };
		525F0AA2185215E600A14402 /* NM_sys4.png in Resources */ = {isa = PBXBuildFile; fileRef = 525F0AA1185215E600A14402 /* NM_sys4.png */; };
		52648A08183251C100EDB49F /* NMFTextField.m in Sources */ = {isa = PBXBuildFile; fileRef = 52648A07183251C100EDB49F /* NMFTextField.m */; };
		52857EED1831705100C9C091 /* _DDFunctionContainer.m in Sources */ = {isa = PBXBuildFile; fileRef = 52857EC11831705100C9C091 /* _DDFunctionContainer.m */; };
		52857EEE1831705100C9C091 /* _DDFunctionExpression.m in Sources */ = {isa = PBXBuildFile; fileRef = 52857EC31831705100C9C091 /* _DDFunctionExpression.m */; };
		52857EEF1831705100C9C091 /* _DDFunctionTerm.m in Sources */ = {isa = PBXBuildFile; fileRef = 52857EC51831705100C9C091 /* _DDFunctionTerm.m */; };
		52857EF01831705100C9C091 /* _DDFunctionUtilities.m in Sources */ = {isa = PBXBuildFile; fileRef = 52857EC71831705100C9C091 /* _DDFunctionUtilities.m */; };
		52857EF11831705100C9C091 /* _DDGroupTerm.m in Sources */ = {isa = PBXBuildFile; fileRef = 52857EC91831705100C9C091 /* _DDGroupTerm.m */; };
		52857EF21831705100C9C091 /* _DDNumberExpression.m in Sources */ = {isa = PBXBuildFile; fileRef = 52857ECB1831705100C9C091 /* _DDNumberExpression.m */; };
		52857EF31831705100C9C091 /* _DDNumberTerm.m in Sources */ = {isa = PBXBuildFile; fileRef = 52857ECD1831705100C9C091 /* _DDNumberTerm.m */; };
		52857EF41831705100C9C091 /* _DDOperatorInfo.m in Sources */ = {isa = PBXBuildFile; fileRef = 52857ECF1831705100C9C091 /* _DDOperatorInfo.m */; };
		52857EF51831705100C9C091 /* _DDOperatorTerm.m in Sources */ = {isa = PBXBuildFile; fileRef = 52857ED11831705100C9C091 /* _DDOperatorTerm.m */; };
		52857EF61831705100C9C091 /* _DDParserTerm.m in Sources */ = {isa = PBXBuildFile; fileRef = 52857ED31831705100C9C091 /* _DDParserTerm.m */; };
		52857EF71831705100C9C091 /* _DDRewriteRule.m in Sources */ = {isa = PBXBuildFile; fileRef = 52857ED51831705100C9C091 /* _DDRewriteRule.m */; };
		52857EF81831705100C9C091 /* _DDVariableExpression.m in Sources */ = {isa = PBXBuildFile; fileRef = 52857ED71831705100C9C091 /* _DDVariableExpression.m */; };
		52857EF91831705100C9C091 /* _DDVariableTerm.m in Sources */ = {isa = PBXBuildFile; fileRef = 52857ED91831705100C9C091 /* _DDVariableTerm.m */; };
		52857EFA1831705100C9C091 /* DDExpression.m in Sources */ = {isa = PBXBuildFile; fileRef = 52857EDB1831705100C9C091 /* DDExpression.m */; };
		52857EFB1831705100C9C091 /* DDMathEvaluator.m in Sources */ = {isa = PBXBuildFile; fileRef = 52857EDE1831705100C9C091 /* DDMathEvaluator.m */; };
		52857EFC1831705100C9C091 /* DDMathStringToken.m in Sources */ = {isa = PBXBuildFile; fileRef = 52857EE21831705100C9C091 /* DDMathStringToken.m */; };
		52857EFD1831705100C9C091 /* DDMathStringTokenizer.m in Sources */ = {isa = PBXBuildFile; fileRef = 52857EE41831705100C9C091 /* DDMathStringTokenizer.m */; };
		52857EFE1831705100C9C091 /* DDParser.m in Sources */ = {isa = PBXBuildFile; fileRef = 52857EE61831705100C9C091 /* DDParser.m */; };
		52857EFF1831705100C9C091 /* DDParserTypes.m in Sources */ = {isa = PBXBuildFile; fileRef = 52857EE81831705100C9C091 /* DDParserTypes.m */; };
		52857F001831705100C9C091 /* DDTypes.m in Sources */ = {isa = PBXBuildFile; fileRef = 52857EEA1831705100C9C091 /* DDTypes.m */; };
		52857F011831705100C9C091 /* NSString+DDMathParsing.m in Sources */ = {isa = PBXBuildFile; fileRef = 52857EEC1831705100C9C091 /* NSString+DDMathParsing.m */; };
		5293162D18057B6B004DD633 /* MBProgressHUD.m in Sources */ = {isa = PBXBuildFile; fileRef = 5293162C18057B6B004DD633 /* MBProgressHUD.m */; };
		52AC65E718267E0A00695865 /* hyperbolicViewController.m in Sources */ = {isa = PBXBuildFile; fileRef = 52AC65E618267E0A00695865 /* hyperbolicViewController.m */; };
		52AC65EA1826867A00695865 /* startViewController.m in Sources */ = {isa = PBXBuildFile; fileRef = 52AC65E91826867A00695865 /* startViewController.m */; };
		52AC65ED182692A700695865 /* UIPickerViewSchemeHyperbolic.m in Sources */ = {isa = PBXBuildFile; fileRef = 52AC65EC182692A700695865 /* UIPickerViewSchemeHyperbolic.m */; };
		52AC65F0182692EF00695865 /* UIPickerViewApproximation.m in Sources */ = {isa = PBXBuildFile; fileRef = 52AC65EF182692EF00695865 /* UIPickerViewApproximation.m */; };
		52AC65F618269EE000695865 /* NM_sys2.png in Resources */ = {isa = PBXBuildFile; fileRef = 52AC65F518269EE000695865 /* NM_sys2.png */; };
		52AC65F81826A09000695865 /* Default-568@2x.png in Resources */ = {isa = PBXBuildFile; fileRef = 52AC65F71826A09000695865 /* Default-568@2x.png */; };
		52B8D2BB1843CDF7009AD1AE /* UiPickerViewSchemeElliptic.m in Sources */ = {isa = PBXBuildFile; fileRef = 52B8D2BA1843CDF7009AD1AE /* UiPickerViewSchemeElliptic.m */; };
		52B8D2BE1843CE54009AD1AE /* UIPickerViewVariableElliptic.m in Sources */ = {isa = PBXBuildFile; fileRef = 52B8D2BD1843CE54009AD1AE /* UIPickerViewVariableElliptic.m */; };
		52B8D2C01843D431009AD1AE /* NM_sys3.png in Resources */ = {isa = PBXBuildFile; fileRef = 52B8D2BF1843D431009AD1AE /* NM_sys3.png */; };
		52F0457B1840E3D5000FCFD6 /* ellipticViewController.m in Sources */ = {isa = PBXBuildFile; fileRef = 52F0457A1840E3D5000FCFD6 /* ellipticViewController.m */; };
		52F73A5818043E4700ED8BF7 /* NM_sys1.png in Resources */ = {isa = PBXBuildFile; fileRef = 52F73A5718043E4700ED8BF7 /* NM_sys1.png */; };
		52F73A5B18045A0400ED8BF7 /* UIPIckerViewOrder.m in Sources */ = {isa = PBXBuildFile; fileRef = 52F73A5A18045A0400ED8BF7 /* UIPIckerViewOrder.m */; };
		52F73A5E18045A1600ED8BF7 /* UIPickerViewScheme.m in Sources */ = {isa = PBXBuildFile; fileRef = 52F73A5D18045A1600ED8BF7 /* UIPickerViewScheme.m */; };
		6D49ECEEBAC940DDB1EC75BD /* libPods.a in Frameworks */ = {isa = PBXBuildFile; fileRef = 5B617F598F7D4D9B8709E27B /* libPods.a */; };
		D0B8630D185094D100DB39FA /* parabol2DViewController.m in Sources */ = {isa = PBXBuildFile; fileRef = D0B8630C185094D100DB39FA /* parabol2DViewController.m */; };
		FA10106918051F500095F25F /* CorePlotViewController.m in Sources */ = {isa = PBXBuildFile; fileRef = FA10106718051F500095F25F /* CorePlotViewController.m */; };
		FA10106A18051F500095F25F /* CorePlotViewController.xib in Resources */ = {isa = PBXBuildFile; fileRef = FA10106818051F500095F25F /* CorePlotViewController.xib */; };
		FA1E13DD1805C97F008FC47E /* CPViewControllerErrors.m in Sources */ = {isa = PBXBuildFile; fileRef = FA1E13DA1805C97F008FC47E /* CPViewControllerErrors.m */; };
		FA1E13DE1805C97F008FC47E /* CPViewControllerErrors.xib in Resources */ = {isa = PBXBuildFile; fileRef = FA1E13DB1805C97F008FC47E /* CPViewControllerErrors.xib */; };
/* End PBXBuildFile section */

/* Begin PBXContainerItemProxy section */
		52367CD517FC329100C1DA60 /* PBXContainerItemProxy */ = {
			isa = PBXContainerItemProxy;
			containerPortal = 52367CA417FC329100C1DA60 /* Project object */;
			proxyType = 1;
			remoteGlobalIDString = 52367CAB17FC329100C1DA60;
			remoteInfo = numericalMethods;
		};
/* End PBXContainerItemProxy section */

/* Begin PBXFileReference section */
		52367CAC17FC329100C1DA60 /* numericalMethods.app */ = {isa = PBXFileReference; explicitFileType = wrapper.application; includeInIndex = 0; path = numericalMethods.app; sourceTree = BUILT_PRODUCTS_DIR; };
		52367CAF17FC329100C1DA60 /* Foundation.framework */ = {isa = PBXFileReference; lastKnownFileType = wrapper.framework; name = Foundation.framework; path = System/Library/Frameworks/Foundation.framework; sourceTree = SDKROOT; };
		52367CB117FC329100C1DA60 /* CoreGraphics.framework */ = {isa = PBXFileReference; lastKnownFileType = wrapper.framework; name = CoreGraphics.framework; path = System/Library/Frameworks/CoreGraphics.framework; sourceTree = SDKROOT; };
		52367CB317FC329100C1DA60 /* UIKit.framework */ = {isa = PBXFileReference; lastKnownFileType = wrapper.framework; name = UIKit.framework; path = System/Library/Frameworks/UIKit.framework; sourceTree = SDKROOT; };
		52367CB717FC329100C1DA60 /* numericalMethods-Info.plist */ = {isa = PBXFileReference; lastKnownFileType = text.plist.xml; path = "numericalMethods-Info.plist"; sourceTree = "<group>"; };
		52367CB917FC329100C1DA60 /* en */ = {isa = PBXFileReference; lastKnownFileType = text.plist.strings; name = en; path = en.lproj/InfoPlist.strings; sourceTree = "<group>"; };
		52367CBB17FC329100C1DA60 /* main.m */ = {isa = PBXFileReference; lastKnownFileType = sourcecode.c.objc; path = main.m; sourceTree = "<group>"; };
		52367CBD17FC329100C1DA60 /* numericalMethods-Prefix.pch */ = {isa = PBXFileReference; lastKnownFileType = sourcecode.c.h; path = "numericalMethods-Prefix.pch"; sourceTree = "<group>"; };
		52367CBE17FC329100C1DA60 /* AppDelegate.h */ = {isa = PBXFileReference; lastKnownFileType = sourcecode.c.h; path = AppDelegate.h; sourceTree = "<group>"; };
		52367CBF17FC329100C1DA60 /* AppDelegate.m */ = {isa = PBXFileReference; lastKnownFileType = sourcecode.c.objc; path = AppDelegate.m; sourceTree = "<group>"; };
		52367CC217FC329100C1DA60 /* Base */ = {isa = PBXFileReference; lastKnownFileType = file.storyboard; name = Base; path = Base.lproj/Main_iPhone.storyboard; sourceTree = "<group>"; };
		52367CC517FC329100C1DA60 /* Base */ = {isa = PBXFileReference; lastKnownFileType = file.storyboard; name = Base; path = Base.lproj/Main_iPad.storyboard; sourceTree = "<group>"; };
		52367CC717FC329100C1DA60 /* ViewController.h */ = {isa = PBXFileReference; lastKnownFileType = sourcecode.c.h; path = ViewController.h; sourceTree = "<group>"; };
		52367CC817FC329100C1DA60 /* ViewController.m */ = {isa = PBXFileReference; lastKnownFileType = sourcecode.c.objc; path = ViewController.m; sourceTree = "<group>"; };
		52367CCA17FC329100C1DA60 /* Images.xcassets */ = {isa = PBXFileReference; lastKnownFileType = folder.assetcatalog; path = Images.xcassets; sourceTree = "<group>"; };
		52367CD017FC329100C1DA60 /* numericalMethodsTests.xctest */ = {isa = PBXFileReference; explicitFileType = wrapper.cfbundle; includeInIndex = 0; path = numericalMethodsTests.xctest; sourceTree = BUILT_PRODUCTS_DIR; };
		52367CD117FC329100C1DA60 /* XCTest.framework */ = {isa = PBXFileReference; lastKnownFileType = wrapper.framework; name = XCTest.framework; path = Library/Frameworks/XCTest.framework; sourceTree = DEVELOPER_DIR; };
		52367CD917FC329100C1DA60 /* numericalMethodsTests-Info.plist */ = {isa = PBXFileReference; lastKnownFileType = text.plist.xml; path = "numericalMethodsTests-Info.plist"; sourceTree = "<group>"; };
		52367CDB17FC329100C1DA60 /* en */ = {isa = PBXFileReference; lastKnownFileType = text.plist.strings; name = en; path = en.lproj/InfoPlist.strings; sourceTree = "<group>"; };
		52367CDD17FC329100C1DA60 /* numericalMethodsTests.m */ = {isa = PBXFileReference; lastKnownFileType = sourcecode.c.objc; path = numericalMethodsTests.m; sourceTree = "<group>"; };
		525F0A9B1851FBA800A14402 /* UIPickerViewSchemeParabolic2d.h */ = {isa = PBXFileReference; fileEncoding = 4; lastKnownFileType = sourcecode.c.h; path = UIPickerViewSchemeParabolic2d.h; sourceTree = "<group>"; };
		525F0A9C1851FBA800A14402 /* UIPickerViewSchemeParabolic2d.m */ = {isa = PBXFileReference; fileEncoding = 4; lastKnownFileType = sourcecode.c.objc; path = UIPickerViewSchemeParabolic2d.m; sourceTree = "<group>"; };
		525F0A9E1851FBC000A14402 /* UIPickerViewVariableParabolic2d.h */ = {isa = PBXFileReference; fileEncoding = 4; lastKnownFileType = sourcecode.c.h; path = UIPickerViewVariableParabolic2d.h; sourceTree = "<group>"; };
		525F0A9F1851FBC000A14402 /* UIPickerViewVariableParabolic2d.m */ = {isa = PBXFileReference; fileEncoding = 4; lastKnownFileType = sourcecode.c.objc; path = UIPickerViewVariableParabolic2d.m; sourceTree = "<group>"; };
		525F0AA1185215E600A14402 /* NM_sys4.png */ = {isa = PBXFileReference; lastKnownFileType = image.png; path = NM_sys4.png; sourceTree = "<group>"; };
		52648A06183251C100EDB49F /* NMFTextField.h */ = {isa = PBXFileReference; fileEncoding = 4; lastKnownFileType = sourcecode.c.h; path = NMFTextField.h; sourceTree = "<group>"; };
		52648A07183251C100EDB49F /* NMFTextField.m */ = {isa = PBXFileReference; fileEncoding = 4; lastKnownFileType = sourcecode.c.objc; path = NMFTextField.m; sourceTree = "<group>"; };
		52857EC01831705100C9C091 /* _DDFunctionContainer.h */ = {isa = PBXFileReference; fileEncoding = 4; lastKnownFileType = sourcecode.c.h; path = _DDFunctionContainer.h; sourceTree = "<group>"; };
		52857EC11831705100C9C091 /* _DDFunctionContainer.m */ = {isa = PBXFileReference; fileEncoding = 4; lastKnownFileType = sourcecode.c.objc; path = _DDFunctionContainer.m; sourceTree = "<group>"; };
		52857EC21831705100C9C091 /* _DDFunctionExpression.h */ = {isa = PBXFileReference; fileEncoding = 4; lastKnownFileType = sourcecode.c.h; path = _DDFunctionExpression.h; sourceTree = "<group>"; };
		52857EC31831705100C9C091 /* _DDFunctionExpression.m */ = {isa = PBXFileReference; fileEncoding = 4; lastKnownFileType = sourcecode.c.objc; path = _DDFunctionExpression.m; sourceTree = "<group>"; };
		52857EC41831705100C9C091 /* _DDFunctionTerm.h */ = {isa = PBXFileReference; fileEncoding = 4; lastKnownFileType = sourcecode.c.h; path = _DDFunctionTerm.h; sourceTree = "<group>"; };
		52857EC51831705100C9C091 /* _DDFunctionTerm.m */ = {isa = PBXFileReference; fileEncoding = 4; lastKnownFileType = sourcecode.c.objc; path = _DDFunctionTerm.m; sourceTree = "<group>"; };
		52857EC61831705100C9C091 /* _DDFunctionUtilities.h */ = {isa = PBXFileReference; fileEncoding = 4; lastKnownFileType = sourcecode.c.h; path = _DDFunctionUtilities.h; sourceTree = "<group>"; };
		52857EC71831705100C9C091 /* _DDFunctionUtilities.m */ = {isa = PBXFileReference; fileEncoding = 4; lastKnownFileType = sourcecode.c.objc; path = _DDFunctionUtilities.m; sourceTree = "<group>"; };
		52857EC81831705100C9C091 /* _DDGroupTerm.h */ = {isa = PBXFileReference; fileEncoding = 4; lastKnownFileType = sourcecode.c.h; path = _DDGroupTerm.h; sourceTree = "<group>"; };
		52857EC91831705100C9C091 /* _DDGroupTerm.m */ = {isa = PBXFileReference; fileEncoding = 4; lastKnownFileType = sourcecode.c.objc; path = _DDGroupTerm.m; sourceTree = "<group>"; };
		52857ECA1831705100C9C091 /* _DDNumberExpression.h */ = {isa = PBXFileReference; fileEncoding = 4; lastKnownFileType = sourcecode.c.h; path = _DDNumberExpression.h; sourceTree = "<group>"; };
		52857ECB1831705100C9C091 /* _DDNumberExpression.m */ = {isa = PBXFileReference; fileEncoding = 4; lastKnownFileType = sourcecode.c.objc; path = _DDNumberExpression.m; sourceTree = "<group>"; };
		52857ECC1831705100C9C091 /* _DDNumberTerm.h */ = {isa = PBXFileReference; fileEncoding = 4; lastKnownFileType = sourcecode.c.h; path = _DDNumberTerm.h; sourceTree = "<group>"; };
		52857ECD1831705100C9C091 /* _DDNumberTerm.m */ = {isa = PBXFileReference; fileEncoding = 4; lastKnownFileType = sourcecode.c.objc; path = _DDNumberTerm.m; sourceTree = "<group>"; };
		52857ECE1831705100C9C091 /* _DDOperatorInfo.h */ = {isa = PBXFileReference; fileEncoding = 4; lastKnownFileType = sourcecode.c.h; path = _DDOperatorInfo.h; sourceTree = "<group>"; };
		52857ECF1831705100C9C091 /* _DDOperatorInfo.m */ = {isa = PBXFileReference; fileEncoding = 4; lastKnownFileType = sourcecode.c.objc; path = _DDOperatorInfo.m; sourceTree = "<group>"; };
		52857ED01831705100C9C091 /* _DDOperatorTerm.h */ = {isa = PBXFileReference; fileEncoding = 4; lastKnownFileType = sourcecode.c.h; path = _DDOperatorTerm.h; sourceTree = "<group>"; };
		52857ED11831705100C9C091 /* _DDOperatorTerm.m */ = {isa = PBXFileReference; fileEncoding = 4; lastKnownFileType = sourcecode.c.objc; path = _DDOperatorTerm.m; sourceTree = "<group>"; };
		52857ED21831705100C9C091 /* _DDParserTerm.h */ = {isa = PBXFileReference; fileEncoding = 4; lastKnownFileType = sourcecode.c.h; path = _DDParserTerm.h; sourceTree = "<group>"; };
		52857ED31831705100C9C091 /* _DDParserTerm.m */ = {isa = PBXFileReference; fileEncoding = 4; lastKnownFileType = sourcecode.c.objc; path = _DDParserTerm.m; sourceTree = "<group>"; };
		52857ED41831705100C9C091 /* _DDRewriteRule.h */ = {isa = PBXFileReference; fileEncoding = 4; lastKnownFileType = sourcecode.c.h; path = _DDRewriteRule.h; sourceTree = "<group>"; };
		52857ED51831705100C9C091 /* _DDRewriteRule.m */ = {isa = PBXFileReference; fileEncoding = 4; lastKnownFileType = sourcecode.c.objc; path = _DDRewriteRule.m; sourceTree = "<group>"; };
		52857ED61831705100C9C091 /* _DDVariableExpression.h */ = {isa = PBXFileReference; fileEncoding = 4; lastKnownFileType = sourcecode.c.h; path = _DDVariableExpression.h; sourceTree = "<group>"; };
		52857ED71831705100C9C091 /* _DDVariableExpression.m */ = {isa = PBXFileReference; fileEncoding = 4; lastKnownFileType = sourcecode.c.objc; path = _DDVariableExpression.m; sourceTree = "<group>"; };
		52857ED81831705100C9C091 /* _DDVariableTerm.h */ = {isa = PBXFileReference; fileEncoding = 4; lastKnownFileType = sourcecode.c.h; path = _DDVariableTerm.h; sourceTree = "<group>"; };
		52857ED91831705100C9C091 /* _DDVariableTerm.m */ = {isa = PBXFileReference; fileEncoding = 4; lastKnownFileType = sourcecode.c.objc; path = _DDVariableTerm.m; sourceTree = "<group>"; };
		52857EDA1831705100C9C091 /* DDExpression.h */ = {isa = PBXFileReference; fileEncoding = 4; lastKnownFileType = sourcecode.c.h; path = DDExpression.h; sourceTree = "<group>"; };
		52857EDB1831705100C9C091 /* DDExpression.m */ = {isa = PBXFileReference; fileEncoding = 4; lastKnownFileType = sourcecode.c.objc; path = DDExpression.m; sourceTree = "<group>"; };
		52857EDC1831705100C9C091 /* DDMathEvaluator+Private.h */ = {isa = PBXFileReference; fileEncoding = 4; lastKnownFileType = sourcecode.c.h; path = "DDMathEvaluator+Private.h"; sourceTree = "<group>"; };
		52857EDD1831705100C9C091 /* DDMathEvaluator.h */ = {isa = PBXFileReference; fileEncoding = 4; lastKnownFileType = sourcecode.c.h; path = DDMathEvaluator.h; sourceTree = "<group>"; };
		52857EDE1831705100C9C091 /* DDMathEvaluator.m */ = {isa = PBXFileReference; fileEncoding = 4; lastKnownFileType = sourcecode.c.objc; path = DDMathEvaluator.m; sourceTree = "<group>"; };
		52857EDF1831705100C9C091 /* DDMathParser.h */ = {isa = PBXFileReference; fileEncoding = 4; lastKnownFileType = sourcecode.c.h; path = DDMathParser.h; sourceTree = "<group>"; };
		52857EE01831705100C9C091 /* DDMathParserMacros.h */ = {isa = PBXFileReference; fileEncoding = 4; lastKnownFileType = sourcecode.c.h; path = DDMathParserMacros.h; sourceTree = "<group>"; };
		52857EE11831705100C9C091 /* DDMathStringToken.h */ = {isa = PBXFileReference; fileEncoding = 4; lastKnownFileType = sourcecode.c.h; path = DDMathStringToken.h; sourceTree = "<group>"; };
		52857EE21831705100C9C091 /* DDMathStringToken.m */ = {isa = PBXFileReference; fileEncoding = 4; lastKnownFileType = sourcecode.c.objc; path = DDMathStringToken.m; sourceTree = "<group>"; };
		52857EE31831705100C9C091 /* DDMathStringTokenizer.h */ = {isa = PBXFileReference; fileEncoding = 4; lastKnownFileType = sourcecode.c.h; path = DDMathStringTokenizer.h; sourceTree = "<group>"; };
		52857EE41831705100C9C091 /* DDMathStringTokenizer.m */ = {isa = PBXFileReference; fileEncoding = 4; lastKnownFileType = sourcecode.c.objc; path = DDMathStringTokenizer.m; sourceTree = "<group>"; };
		52857EE51831705100C9C091 /* DDParser.h */ = {isa = PBXFileReference; fileEncoding = 4; lastKnownFileType = sourcecode.c.h; path = DDParser.h; sourceTree = "<group>"; };
		52857EE61831705100C9C091 /* DDParser.m */ = {isa = PBXFileReference; fileEncoding = 4; lastKnownFileType = sourcecode.c.objc; path = DDParser.m; sourceTree = "<group>"; };
		52857EE71831705100C9C091 /* DDParserTypes.h */ = {isa = PBXFileReference; fileEncoding = 4; lastKnownFileType = sourcecode.c.h; path = DDParserTypes.h; sourceTree = "<group>"; };
		52857EE81831705100C9C091 /* DDParserTypes.m */ = {isa = PBXFileReference; fileEncoding = 4; lastKnownFileType = sourcecode.c.objc; path = DDParserTypes.m; sourceTree = "<group>"; };
		52857EE91831705100C9C091 /* DDTypes.h */ = {isa = PBXFileReference; fileEncoding = 4; lastKnownFileType = sourcecode.c.h; path = DDTypes.h; sourceTree = "<group>"; };
		52857EEA1831705100C9C091 /* DDTypes.m */ = {isa = PBXFileReference; fileEncoding = 4; lastKnownFileType = sourcecode.c.objc; path = DDTypes.m; sourceTree = "<group>"; };
		52857EEB1831705100C9C091 /* NSString+DDMathParsing.h */ = {isa = PBXFileReference; fileEncoding = 4; lastKnownFileType = sourcecode.c.h; path = "NSString+DDMathParsing.h"; sourceTree = "<group>"; };
		52857EEC1831705100C9C091 /* NSString+DDMathParsing.m */ = {isa = PBXFileReference; fileEncoding = 4; lastKnownFileType = sourcecode.c.objc; path = "NSString+DDMathParsing.m"; sourceTree = "<group>"; };
		5293162B18057B6B004DD633 /* MBProgressHUD.h */ = {isa = PBXFileReference; fileEncoding = 4; lastKnownFileType = sourcecode.c.h; path = MBProgressHUD.h; sourceTree = "<group>"; };
		5293162C18057B6B004DD633 /* MBProgressHUD.m */ = {isa = PBXFileReference; fileEncoding = 4; lastKnownFileType = sourcecode.c.objc; path = MBProgressHUD.m; sourceTree = "<group>"; };
		52AC65E518267E0A00695865 /* hyperbolicViewController.h */ = {isa = PBXFileReference; fileEncoding = 4; lastKnownFileType = sourcecode.c.h; path = hyperbolicViewController.h; sourceTree = "<group>"; };
		52AC65E618267E0A00695865 /* hyperbolicViewController.m */ = {isa = PBXFileReference; fileEncoding = 4; lastKnownFileType = sourcecode.c.objc; path = hyperbolicViewController.m; sourceTree = "<group>"; };
		52AC65E81826867A00695865 /* startViewController.h */ = {isa = PBXFileReference; fileEncoding = 4; lastKnownFileType = sourcecode.c.h; path = startViewController.h; sourceTree = "<group>"; };
		52AC65E91826867A00695865 /* startViewController.m */ = {isa = PBXFileReference; fileEncoding = 4; lastKnownFileType = sourcecode.c.objc; path = startViewController.m; sourceTree = "<group>"; };
		52AC65EB182692A700695865 /* UIPickerViewSchemeHyperbolic.h */ = {isa = PBXFileReference; fileEncoding = 4; lastKnownFileType = sourcecode.c.h; path = UIPickerViewSchemeHyperbolic.h; sourceTree = "<group>"; };
		52AC65EC182692A700695865 /* UIPickerViewSchemeHyperbolic.m */ = {isa = PBXFileReference; fileEncoding = 4; lastKnownFileType = sourcecode.c.objc; path = UIPickerViewSchemeHyperbolic.m; sourceTree = "<group>"; };
		52AC65EE182692EF00695865 /* UIPickerViewApproximation.h */ = {isa = PBXFileReference; fileEncoding = 4; lastKnownFileType = sourcecode.c.h; path = UIPickerViewApproximation.h; sourceTree = "<group>"; };
		52AC65EF182692EF00695865 /* UIPickerViewApproximation.m */ = {isa = PBXFileReference; fileEncoding = 4; lastKnownFileType = sourcecode.c.objc; path = UIPickerViewApproximation.m; sourceTree = "<group>"; };
		52AC65F518269EE000695865 /* NM_sys2.png */ = {isa = PBXFileReference; lastKnownFileType = image.png; path = NM_sys2.png; sourceTree = "<group>"; };
		52AC65F71826A09000695865 /* Default-568@2x.png */ = {isa = PBXFileReference; lastKnownFileType = image.png; name = "Default-568@2x.png"; path = "Images.xcassets/LaunchImage.launchimage/Default-568@2x.png"; sourceTree = "<group>"; };
		52B8D2B91843CDF7009AD1AE /* UiPickerViewSchemeElliptic.h */ = {isa = PBXFileReference; fileEncoding = 4; lastKnownFileType = sourcecode.c.h; path = UiPickerViewSchemeElliptic.h; sourceTree = "<group>"; };
		52B8D2BA1843CDF7009AD1AE /* UiPickerViewSchemeElliptic.m */ = {isa = PBXFileReference; fileEncoding = 4; lastKnownFileType = sourcecode.c.objc; path = UiPickerViewSchemeElliptic.m; sourceTree = "<group>"; };
		52B8D2BC1843CE54009AD1AE /* UIPickerViewVariableElliptic.h */ = {isa = PBXFileReference; fileEncoding = 4; lastKnownFileType = sourcecode.c.h; path = UIPickerViewVariableElliptic.h; sourceTree = "<group>"; };
		52B8D2BD1843CE54009AD1AE /* UIPickerViewVariableElliptic.m */ = {isa = PBXFileReference; fileEncoding = 4; lastKnownFileType = sourcecode.c.objc; path = UIPickerViewVariableElliptic.m; sourceTree = "<group>"; };
		52B8D2BF1843D431009AD1AE /* NM_sys3.png */ = {isa = PBXFileReference; lastKnownFileType = image.png; path = NM_sys3.png; sourceTree = "<group>"; };
		52F045791840E3D5000FCFD6 /* ellipticViewController.h */ = {isa = PBXFileReference; fileEncoding = 4; lastKnownFileType = sourcecode.c.h; path = ellipticViewController.h; sourceTree = "<group>"; };
		52F0457A1840E3D5000FCFD6 /* ellipticViewController.m */ = {isa = PBXFileReference; fileEncoding = 4; lastKnownFileType = sourcecode.c.objc; path = ellipticViewController.m; sourceTree = "<group>"; };
		52F73A5718043E4700ED8BF7 /* NM_sys1.png */ = {isa = PBXFileReference; lastKnownFileType = image.png; path = NM_sys1.png; sourceTree = "<group>"; };
		52F73A5918045A0400ED8BF7 /* UIPIckerViewOrder.h */ = {isa = PBXFileReference; fileEncoding = 4; lastKnownFileType = sourcecode.c.h; path = UIPIckerViewOrder.h; sourceTree = "<group>"; };
		52F73A5A18045A0400ED8BF7 /* UIPIckerViewOrder.m */ = {isa = PBXFileReference; fileEncoding = 4; lastKnownFileType = sourcecode.c.objc; path = UIPIckerViewOrder.m; sourceTree = "<group>"; };
		52F73A5C18045A1600ED8BF7 /* UIPickerViewScheme.h */ = {isa = PBXFileReference; fileEncoding = 4; lastKnownFileType = sourcecode.c.h; path = UIPickerViewScheme.h; sourceTree = "<group>"; };
		52F73A5D18045A1600ED8BF7 /* UIPickerViewScheme.m */ = {isa = PBXFileReference; fileEncoding = 4; lastKnownFileType = sourcecode.c.objc; path = UIPickerViewScheme.m; sourceTree = "<group>"; };
		5B617F598F7D4D9B8709E27B /* libPods.a */ = {isa = PBXFileReference; explicitFileType = archive.ar; includeInIndex = 0; path = libPods.a; sourceTree = BUILT_PRODUCTS_DIR; };
		D0B8630B185094D100DB39FA /* parabol2DViewController.h */ = {isa = PBXFileReference; fileEncoding = 4; lastKnownFileType = sourcecode.c.h; path = parabol2DViewController.h; sourceTree = "<group>"; };
		D0B8630C185094D100DB39FA /* parabol2DViewController.m */ = {isa = PBXFileReference; fileEncoding = 4; lastKnownFileType = sourcecode.c.objc; path = parabol2DViewController.m; sourceTree = "<group>"; };
		DBD3B744B0DB421DA1A48671 /* Pods.xcconfig */ = {isa = PBXFileReference; includeInIndex = 1; lastKnownFileType = text.xcconfig; name = Pods.xcconfig; path = Pods/Pods.xcconfig; sourceTree = "<group>"; };
		FA10106618051F500095F25F /* CorePlotViewController.h */ = {isa = PBXFileReference; fileEncoding = 4; lastKnownFileType = sourcecode.c.h; path = CorePlotViewController.h; sourceTree = "<group>"; };
		FA10106718051F500095F25F /* CorePlotViewController.m */ = {isa = PBXFileReference; fileEncoding = 4; lastKnownFileType = sourcecode.c.objc; path = CorePlotViewController.m; sourceTree = "<group>"; };
		FA10106818051F500095F25F /* CorePlotViewController.xib */ = {isa = PBXFileReference; fileEncoding = 4; lastKnownFileType = file.xib; path = CorePlotViewController.xib; sourceTree = "<group>"; };
		FA1E13DA1805C97F008FC47E /* CPViewControllerErrors.m */ = {isa = PBXFileReference; fileEncoding = 4; lastKnownFileType = sourcecode.c.objc; path = CPViewControllerErrors.m; sourceTree = "<group>"; };
		FA1E13DB1805C97F008FC47E /* CPViewControllerErrors.xib */ = {isa = PBXFileReference; fileEncoding = 4; lastKnownFileType = file.xib; path = CPViewControllerErrors.xib; sourceTree = "<group>"; };
		FA1E13DC1805C97F008FC47E /* CPViewControllerErrors.h */ = {isa = PBXFileReference; fileEncoding = 4; lastKnownFileType = sourcecode.c.h; path = CPViewControllerErrors.h; sourceTree = "<group>"; };
/* End PBXFileReference section */

/* Begin PBXFrameworksBuildPhase section */
		52367CA917FC329100C1DA60 /* Frameworks */ = {
			isa = PBXFrameworksBuildPhase;
			buildActionMask = 2147483647;
			files = (
				52367CB217FC329100C1DA60 /* CoreGraphics.framework in Frameworks */,
				52367CB417FC329100C1DA60 /* UIKit.framework in Frameworks */,
				52367CB017FC329100C1DA60 /* Foundation.framework in Frameworks */,
				6D49ECEEBAC940DDB1EC75BD /* libPods.a in Frameworks */,
			);
			runOnlyForDeploymentPostprocessing = 0;
		};
		52367CCD17FC329100C1DA60 /* Frameworks */ = {
			isa = PBXFrameworksBuildPhase;
			buildActionMask = 2147483647;
			files = (
				52367CD217FC329100C1DA60 /* XCTest.framework in Frameworks */,
				52367CD417FC329100C1DA60 /* UIKit.framework in Frameworks */,
				52367CD317FC329100C1DA60 /* Foundation.framework in Frameworks */,
			);
			runOnlyForDeploymentPostprocessing = 0;
		};
/* End PBXFrameworksBuildPhase section */

/* Begin PBXGroup section */
		52367CA317FC329100C1DA60 = {
			isa = PBXGroup;
			children = (
				52367CB517FC329100C1DA60 /* numericalMethods */,
				52367CD717FC329100C1DA60 /* numericalMethodsTests */,
				52367CAE17FC329100C1DA60 /* Frameworks */,
				52367CAD17FC329100C1DA60 /* Products */,
				DBD3B744B0DB421DA1A48671 /* Pods.xcconfig */,
			);
			sourceTree = "<group>";
		};
		52367CAD17FC329100C1DA60 /* Products */ = {
			isa = PBXGroup;
			children = (
				52367CAC17FC329100C1DA60 /* numericalMethods.app */,
				52367CD017FC329100C1DA60 /* numericalMethodsTests.xctest */,
			);
			name = Products;
			sourceTree = "<group>";
		};
		52367CAE17FC329100C1DA60 /* Frameworks */ = {
			isa = PBXGroup;
			children = (
				52367CAF17FC329100C1DA60 /* Foundation.framework */,
				52367CB117FC329100C1DA60 /* CoreGraphics.framework */,
				52367CB317FC329100C1DA60 /* UIKit.framework */,
				52367CD117FC329100C1DA60 /* XCTest.framework */,
				5B617F598F7D4D9B8709E27B /* libPods.a */,
			);
			name = Frameworks;
			sourceTree = "<group>";
		};
		52367CB517FC329100C1DA60 /* numericalMethods */ = {
			isa = PBXGroup;
			children = (
				52367CBE17FC329100C1DA60 /* AppDelegate.h */,
				52367CBF17FC329100C1DA60 /* AppDelegate.m */,
				52367CC117FC329100C1DA60 /* Main_iPhone.storyboard */,
				52367CC417FC329100C1DA60 /* Main_iPad.storyboard */,
				52AC65E81826867A00695865 /* startViewController.h */,
				52AC65E91826867A00695865 /* startViewController.m */,
				52648A06183251C100EDB49F /* NMFTextField.h */,
				52648A07183251C100EDB49F /* NMFTextField.m */,
				52F0457C1840E844000FCFD6 /* Methods */,
				52F0457D1840E851000FCFD6 /* UIPickers */,
				52857EBF1831705100C9C091 /* DDMathParser */,
				FA10106B18051F5E0095F25F /* Plot */,
				52367CCA17FC329100C1DA60 /* Images.xcassets */,
				52367CB617FC329100C1DA60 /* Supporting Files */,
			);
			path = numericalMethods;
			sourceTree = "<group>";
		};
		52367CB617FC329100C1DA60 /* Supporting Files */ = {
			isa = PBXGroup;
			children = (
				5293162B18057B6B004DD633 /* MBProgressHUD.h */,
				5293162C18057B6B004DD633 /* MBProgressHUD.m */,
				52F73A5718043E4700ED8BF7 /* NM_sys1.png */,
				52AC65F518269EE000695865 /* NM_sys2.png */,
				52B8D2BF1843D431009AD1AE /* NM_sys3.png */,
				525F0AA1185215E600A14402 /* NM_sys4.png */,
				52AC65F71826A09000695865 /* Default-568@2x.png */,
				52367CB717FC329100C1DA60 /* numericalMethods-Info.plist */,
				52367CB817FC329100C1DA60 /* InfoPlist.strings */,
				52367CBB17FC329100C1DA60 /* main.m */,
				52367CBD17FC329100C1DA60 /* numericalMethods-Prefix.pch */,
			);
			name = "Supporting Files";
			sourceTree = "<group>";
		};
		52367CD717FC329100C1DA60 /* numericalMethodsTests */ = {
			isa = PBXGroup;
			children = (
				52367CDD17FC329100C1DA60 /* numericalMethodsTests.m */,
				52367CD817FC329100C1DA60 /* Supporting Files */,
			);
			path = numericalMethodsTests;
			sourceTree = "<group>";
		};
		52367CD817FC329100C1DA60 /* Supporting Files */ = {
			isa = PBXGroup;
			children = (
				52367CD917FC329100C1DA60 /* numericalMethodsTests-Info.plist */,
				52367CDA17FC329100C1DA60 /* InfoPlist.strings */,
			);
			name = "Supporting Files";
			sourceTree = "<group>";
		};
		52857EBF1831705100C9C091 /* DDMathParser */ = {
			isa = PBXGroup;
			children = (
				52857EC01831705100C9C091 /* _DDFunctionContainer.h */,
				52857EC11831705100C9C091 /* _DDFunctionContainer.m */,
				52857EC21831705100C9C091 /* _DDFunctionExpression.h */,
				52857EC31831705100C9C091 /* _DDFunctionExpression.m */,
				52857EC41831705100C9C091 /* _DDFunctionTerm.h */,
				52857EC51831705100C9C091 /* _DDFunctionTerm.m */,
				52857EC61831705100C9C091 /* _DDFunctionUtilities.h */,
				52857EC71831705100C9C091 /* _DDFunctionUtilities.m */,
				52857EC81831705100C9C091 /* _DDGroupTerm.h */,
				52857EC91831705100C9C091 /* _DDGroupTerm.m */,
				52857ECA1831705100C9C091 /* _DDNumberExpression.h */,
				52857ECB1831705100C9C091 /* _DDNumberExpression.m */,
				52857ECC1831705100C9C091 /* _DDNumberTerm.h */,
				52857ECD1831705100C9C091 /* _DDNumberTerm.m */,
				52857ECE1831705100C9C091 /* _DDOperatorInfo.h */,
				52857ECF1831705100C9C091 /* _DDOperatorInfo.m */,
				52857ED01831705100C9C091 /* _DDOperatorTerm.h */,
				52857ED11831705100C9C091 /* _DDOperatorTerm.m */,
				52857ED21831705100C9C091 /* _DDParserTerm.h */,
				52857ED31831705100C9C091 /* _DDParserTerm.m */,
				52857ED41831705100C9C091 /* _DDRewriteRule.h */,
				52857ED51831705100C9C091 /* _DDRewriteRule.m */,
				52857ED61831705100C9C091 /* _DDVariableExpression.h */,
				52857ED71831705100C9C091 /* _DDVariableExpression.m */,
				52857ED81831705100C9C091 /* _DDVariableTerm.h */,
				52857ED91831705100C9C091 /* _DDVariableTerm.m */,
				52857EDA1831705100C9C091 /* DDExpression.h */,
				52857EDB1831705100C9C091 /* DDExpression.m */,
				52857EDC1831705100C9C091 /* DDMathEvaluator+Private.h */,
				52857EDD1831705100C9C091 /* DDMathEvaluator.h */,
				52857EDE1831705100C9C091 /* DDMathEvaluator.m */,
				52857EDF1831705100C9C091 /* DDMathParser.h */,
				52857EE01831705100C9C091 /* DDMathParserMacros.h */,
				52857EE11831705100C9C091 /* DDMathStringToken.h */,
				52857EE21831705100C9C091 /* DDMathStringToken.m */,
				52857EE31831705100C9C091 /* DDMathStringTokenizer.h */,
				52857EE41831705100C9C091 /* DDMathStringTokenizer.m */,
				52857EE51831705100C9C091 /* DDParser.h */,
				52857EE61831705100C9C091 /* DDParser.m */,
				52857EE71831705100C9C091 /* DDParserTypes.h */,
				52857EE81831705100C9C091 /* DDParserTypes.m */,
				52857EE91831705100C9C091 /* DDTypes.h */,
				52857EEA1831705100C9C091 /* DDTypes.m */,
				52857EEB1831705100C9C091 /* NSString+DDMathParsing.h */,
				52857EEC1831705100C9C091 /* NSString+DDMathParsing.m */,
			);
			path = DDMathParser;
			sourceTree = "<group>";
		};
		52F0457C1840E844000FCFD6 /* Methods */ = {
			isa = PBXGroup;
			children = (
				52367CC717FC329100C1DA60 /* ViewController.h */,
				52367CC817FC329100C1DA60 /* ViewController.m */,
				52AC65E518267E0A00695865 /* hyperbolicViewController.h */,
				52AC65E618267E0A00695865 /* hyperbolicViewController.m */,
				52F045791840E3D5000FCFD6 /* ellipticViewController.h */,
				52F0457A1840E3D5000FCFD6 /* ellipticViewController.m */,
				D0B8630B185094D100DB39FA /* parabol2DViewController.h */,
				D0B8630C185094D100DB39FA /* parabol2DViewController.m */,
			);
			name = Methods;
			sourceTree = "<group>";
		};
		52F0457D1840E851000FCFD6 /* UIPickers */ = {
			isa = PBXGroup;
			children = (
				52F73A5918045A0400ED8BF7 /* UIPIckerViewOrder.h */,
				52F73A5A18045A0400ED8BF7 /* UIPIckerViewOrder.m */,
				52F73A5C18045A1600ED8BF7 /* UIPickerViewScheme.h */,
				52F73A5D18045A1600ED8BF7 /* UIPickerViewScheme.m */,
				52AC65EB182692A700695865 /* UIPickerViewSchemeHyperbolic.h */,
				52AC65EC182692A700695865 /* UIPickerViewSchemeHyperbolic.m */,
				52AC65EE182692EF00695865 /* UIPickerViewApproximation.h */,
				52AC65EF182692EF00695865 /* UIPickerViewApproximation.m */,
				52B8D2B91843CDF7009AD1AE /* UiPickerViewSchemeElliptic.h */,
				52B8D2BA1843CDF7009AD1AE /* UiPickerViewSchemeElliptic.m */,
				52B8D2BC1843CE54009AD1AE /* UIPickerViewVariableElliptic.h */,
				52B8D2BD1843CE54009AD1AE /* UIPickerViewVariableElliptic.m */,
				525F0A9B1851FBA800A14402 /* UIPickerViewSchemeParabolic2d.h */,
				525F0A9C1851FBA800A14402 /* UIPickerViewSchemeParabolic2d.m */,
				525F0A9E1851FBC000A14402 /* UIPickerViewVariableParabolic2d.h */,
				525F0A9F1851FBC000A14402 /* UIPickerViewVariableParabolic2d.m */,
			);
			name = UIPickers;
			sourceTree = "<group>";
		};
		FA10106B18051F5E0095F25F /* Plot */ = {
			isa = PBXGroup;
			children = (
				FA1E13DC1805C97F008FC47E /* CPViewControllerErrors.h */,
				FA1E13DA1805C97F008FC47E /* CPViewControllerErrors.m */,
				FA1E13DB1805C97F008FC47E /* CPViewControllerErrors.xib */,
				FA10106618051F500095F25F /* CorePlotViewController.h */,
				FA10106718051F500095F25F /* CorePlotViewController.m */,
				FA10106818051F500095F25F /* CorePlotViewController.xib */,
			);
			name = Plot;
			sourceTree = "<group>";
		};
/* End PBXGroup section */

/* Begin PBXNativeTarget section */
		52367CAB17FC329100C1DA60 /* numericalMethods */ = {
			isa = PBXNativeTarget;
			buildConfigurationList = 52367CE117FC329100C1DA60 /* Build configuration list for PBXNativeTarget "numericalMethods" */;
			buildPhases = (
				6B93BCCF70224FF58C915C4B /* Check Pods Manifest.lock */,
				52367CA817FC329100C1DA60 /* Sources */,
				52367CA917FC329100C1DA60 /* Frameworks */,
				52367CAA17FC329100C1DA60 /* Resources */,
				1DFA297FDF754A72BEB155DE /* Copy Pods Resources */,
			);
			buildRules = (
			);
			dependencies = (
			);
			name = numericalMethods;
			productName = numericalMethods;
			productReference = 52367CAC17FC329100C1DA60 /* numericalMethods.app */;
			productType = "com.apple.product-type.application";
		};
		52367CCF17FC329100C1DA60 /* numericalMethodsTests */ = {
			isa = PBXNativeTarget;
			buildConfigurationList = 52367CE417FC329100C1DA60 /* Build configuration list for PBXNativeTarget "numericalMethodsTests" */;
			buildPhases = (
				52367CCC17FC329100C1DA60 /* Sources */,
				52367CCD17FC329100C1DA60 /* Frameworks */,
				52367CCE17FC329100C1DA60 /* Resources */,
			);
			buildRules = (
			);
			dependencies = (
				52367CD617FC329100C1DA60 /* PBXTargetDependency */,
			);
			name = numericalMethodsTests;
			productName = numericalMethodsTests;
			productReference = 52367CD017FC329100C1DA60 /* numericalMethodsTests.xctest */;
			productType = "com.apple.product-type.bundle.unit-test";
		};
/* End PBXNativeTarget section */

/* Begin PBXProject section */
		52367CA417FC329100C1DA60 /* Project object */ = {
			isa = PBXProject;
			attributes = {
				LastUpgradeCheck = 0500;
				ORGANIZATIONNAME = Ilya;
				TargetAttributes = {
					52367CAB17FC329100C1DA60 = {
						DevelopmentTeam = JPXHBUZBNM;
					};
					52367CCF17FC329100C1DA60 = {
						TestTargetID = 52367CAB17FC329100C1DA60;
					};
				};
			};
			buildConfigurationList = 52367CA717FC329100C1DA60 /* Build configuration list for PBXProject "numericalMethods" */;
			compatibilityVersion = "Xcode 3.2";
			developmentRegion = English;
			hasScannedForEncodings = 0;
			knownRegions = (
				en,
				Base,
			);
			mainGroup = 52367CA317FC329100C1DA60;
			productRefGroup = 52367CAD17FC329100C1DA60 /* Products */;
			projectDirPath = "";
			projectRoot = "";
			targets = (
				52367CAB17FC329100C1DA60 /* numericalMethods */,
				52367CCF17FC329100C1DA60 /* numericalMethodsTests */,
			);
		};
/* End PBXProject section */

/* Begin PBXResourcesBuildPhase section */
		52367CAA17FC329100C1DA60 /* Resources */ = {
			isa = PBXResourcesBuildPhase;
			buildActionMask = 2147483647;
			files = (
				52B8D2C01843D431009AD1AE /* NM_sys3.png in Resources */,
				52AC65F81826A09000695865 /* Default-568@2x.png in Resources */,
				52367CC617FC329100C1DA60 /* Main_iPad.storyboard in Resources */,
				52AC65F618269EE000695865 /* NM_sys2.png in Resources */,
				52367CCB17FC329100C1DA60 /* Images.xcassets in Resources */,
				FA10106A18051F500095F25F /* CorePlotViewController.xib in Resources */,
				52F73A5818043E4700ED8BF7 /* NM_sys1.png in Resources */,
				52367CC317FC329100C1DA60 /* Main_iPhone.storyboard in Resources */,
				FA1E13DE1805C97F008FC47E /* CPViewControllerErrors.xib in Resources */,
				52367CBA17FC329100C1DA60 /* InfoPlist.strings in Resources */,
				525F0AA2185215E600A14402 /* NM_sys4.png in Resources */,
			);
			runOnlyForDeploymentPostprocessing = 0;
		};
		52367CCE17FC329100C1DA60 /* Resources */ = {
			isa = PBXResourcesBuildPhase;
			buildActionMask = 2147483647;
			files = (
				52367CDC17FC329100C1DA60 /* InfoPlist.strings in Resources */,
			);
			runOnlyForDeploymentPostprocessing = 0;
		};
/* End PBXResourcesBuildPhase section */

/* Begin PBXShellScriptBuildPhase section */
		1DFA297FDF754A72BEB155DE /* Copy Pods Resources */ = {
			isa = PBXShellScriptBuildPhase;
			buildActionMask = 2147483647;
			files = (
			);
			inputPaths = (
			);
			name = "Copy Pods Resources";
			outputPaths = (
			);
			runOnlyForDeploymentPostprocessing = 0;
			shellPath = /bin/sh;
			shellScript = "\"${SRCROOT}/Pods/Pods-resources.sh\"\n";
			showEnvVarsInLog = 0;
		};
		6B93BCCF70224FF58C915C4B /* Check Pods Manifest.lock */ = {
			isa = PBXShellScriptBuildPhase;
			buildActionMask = 2147483647;
			files = (
			);
			inputPaths = (
			);
			name = "Check Pods Manifest.lock";
			outputPaths = (
			);
			runOnlyForDeploymentPostprocessing = 0;
			shellPath = /bin/sh;
			shellScript = "diff \"${PODS_ROOT}/../Podfile.lock\" \"${PODS_ROOT}/Manifest.lock\" > /dev/null\nif [[ $? != 0 ]] ; then\n    cat << EOM\nerror: The sandbox is not in sync with the Podfile.lock. Run 'pod install' or update your CocoaPods installation.\nEOM\n    exit 1\nfi\n";
			showEnvVarsInLog = 0;
		};
/* End PBXShellScriptBuildPhase section */

/* Begin PBXSourcesBuildPhase section */
		52367CA817FC329100C1DA60 /* Sources */ = {
			isa = PBXSourcesBuildPhase;
			buildActionMask = 2147483647;
			files = (
				52857EF91831705100C9C091 /* _DDVariableTerm.m in Sources */,
				52857F001831705100C9C091 /* DDTypes.m in Sources */,
				52367CC917FC329100C1DA60 /* ViewController.m in Sources */,
				52857F011831705100C9C091 /* NSString+DDMathParsing.m in Sources */,
				52857EF31831705100C9C091 /* _DDNumberTerm.m in Sources */,
				52F73A5B18045A0400ED8BF7 /* UIPIckerViewOrder.m in Sources */,
				52857EF41831705100C9C091 /* _DDOperatorInfo.m in Sources */,
				52857EFB1831705100C9C091 /* DDMathEvaluator.m in Sources */,
				52AC65E718267E0A00695865 /* hyperbolicViewController.m in Sources */,
				52857EEE1831705100C9C091 /* _DDFunctionExpression.m in Sources */,
				52857EFE1831705100C9C091 /* DDParser.m in Sources */,
				52857EFA1831705100C9C091 /* DDExpression.m in Sources */,
				FA10106918051F500095F25F /* CorePlotViewController.m in Sources */,
				52367CC017FC329100C1DA60 /* AppDelegate.m in Sources */,
				52857EF21831705100C9C091 /* _DDNumberExpression.m in Sources */,
				525F0A9D1851FBA800A14402 /* UIPickerViewSchemeParabolic2d.m in Sources */,
				52857EEF1831705100C9C091 /* _DDFunctionTerm.m in Sources */,
				D0B8630D185094D100DB39FA /* parabol2DViewController.m in Sources */,
				52AC65EA1826867A00695865 /* startViewController.m in Sources */,
				52857EED1831705100C9C091 /* _DDFunctionContainer.m in Sources */,
				52F73A5E18045A1600ED8BF7 /* UIPickerViewScheme.m in Sources */,
				52857EF11831705100C9C091 /* _DDGroupTerm.m in Sources */,
				52857EF61831705100C9C091 /* _DDParserTerm.m in Sources */,
				52F0457B1840E3D5000FCFD6 /* ellipticViewController.m in Sources */,
				52857EF81831705100C9C091 /* _DDVariableExpression.m in Sources */,
				52857EF01831705100C9C091 /* _DDFunctionUtilities.m in Sources */,
				52367CBC17FC329100C1DA60 /* main.m in Sources */,
				52857EF51831705100C9C091 /* _DDOperatorTerm.m in Sources */,
				525F0AA01851FBC000A14402 /* UIPickerViewVariableParabolic2d.m in Sources */,
				52648A08183251C100EDB49F /* NMFTextField.m in Sources */,
				52857EF71831705100C9C091 /* _DDRewriteRule.m in Sources */,
				52AC65F0182692EF00695865 /* UIPickerViewApproximation.m in Sources */,
				52B8D2BB1843CDF7009AD1AE /* UiPickerViewSchemeElliptic.m in Sources */,
				52857EFC1831705100C9C091 /* DDMathStringToken.m in Sources */,
				52B8D2BE1843CE54009AD1AE /* UIPickerViewVariableElliptic.m in Sources */,
				52857EFD1831705100C9C091 /* DDMathStringTokenizer.m in Sources */,
				52AC65ED182692A700695865 /* UIPickerViewSchemeHyperbolic.m in Sources */,
				FA1E13DD1805C97F008FC47E /* CPViewControllerErrors.m in Sources */,
				52857EFF1831705100C9C091 /* DDParserTypes.m in Sources */,
				5293162D18057B6B004DD633 /* MBProgressHUD.m in Sources */,
			);
			runOnlyForDeploymentPostprocessing = 0;
		};
		52367CCC17FC329100C1DA60 /* Sources */ = {
			isa = PBXSourcesBuildPhase;
			buildActionMask = 2147483647;
			files = (
				52367CDE17FC329100C1DA60 /* numericalMethodsTests.m in Sources */,
			);
			runOnlyForDeploymentPostprocessing = 0;
		};
/* End PBXSourcesBuildPhase section */

/* Begin PBXTargetDependency section */
		52367CD617FC329100C1DA60 /* PBXTargetDependency */ = {
			isa = PBXTargetDependency;
			target = 52367CAB17FC329100C1DA60 /* numericalMethods */;
			targetProxy = 52367CD517FC329100C1DA60 /* PBXContainerItemProxy */;
		};
/* End PBXTargetDependency section */

/* Begin PBXVariantGroup section */
		52367CB817FC329100C1DA60 /* InfoPlist.strings */ = {
			isa = PBXVariantGroup;
			children = (
				52367CB917FC329100C1DA60 /* en */,
			);
			name = InfoPlist.strings;
			sourceTree = "<group>";
		};
		52367CC117FC329100C1DA60 /* Main_iPhone.storyboard */ = {
			isa = PBXVariantGroup;
			children = (
				52367CC217FC329100C1DA60 /* Base */,
			);
			name = Main_iPhone.storyboard;
			sourceTree = "<group>";
		};
		52367CC417FC329100C1DA60 /* Main_iPad.storyboard */ = {
			isa = PBXVariantGroup;
			children = (
				52367CC517FC329100C1DA60 /* Base */,
			);
			name = Main_iPad.storyboard;
			sourceTree = "<group>";
		};
		52367CDA17FC329100C1DA60 /* InfoPlist.strings */ = {
			isa = PBXVariantGroup;
			children = (
				52367CDB17FC329100C1DA60 /* en */,
			);
			name = InfoPlist.strings;
			sourceTree = "<group>";
		};
/* End PBXVariantGroup section */

/* Begin XCBuildConfiguration section */
		52367CDF17FC329100C1DA60 /* Debug */ = {
			isa = XCBuildConfiguration;
			buildSettings = {
				ALWAYS_SEARCH_USER_PATHS = NO;
				ARCHS = "$(ARCHS_STANDARD_INCLUDING_64_BIT)";
				CLANG_CXX_LANGUAGE_STANDARD = "gnu++0x";
				CLANG_CXX_LIBRARY = "libc++";
				CLANG_ENABLE_MODULES = YES;
				CLANG_ENABLE_OBJC_ARC = YES;
				CLANG_WARN_BOOL_CONVERSION = YES;
				CLANG_WARN_CONSTANT_CONVERSION = YES;
				CLANG_WARN_DIRECT_OBJC_ISA_USAGE = YES_ERROR;
				CLANG_WARN_EMPTY_BODY = YES;
				CLANG_WARN_ENUM_CONVERSION = YES;
				CLANG_WARN_INT_CONVERSION = YES;
				CLANG_WARN_OBJC_ROOT_CLASS = YES_ERROR;
				CLANG_WARN__DUPLICATE_METHOD_MATCH = YES;
				"CODE_SIGN_IDENTITY[sdk=iphoneos*]" = "iPhone Developer";
				COPY_PHASE_STRIP = NO;
				GCC_C_LANGUAGE_STANDARD = gnu99;
				GCC_DYNAMIC_NO_PIC = NO;
				GCC_OPTIMIZATION_LEVEL = 0;
				GCC_PREPROCESSOR_DEFINITIONS = (
					"DEBUG=1",
					"$(inherited)",
				);
				GCC_SYMBOLS_PRIVATE_EXTERN = NO;
				GCC_WARN_64_TO_32_BIT_CONVERSION = YES;
				GCC_WARN_ABOUT_RETURN_TYPE = YES_ERROR;
				GCC_WARN_UNDECLARED_SELECTOR = YES;
				GCC_WARN_UNINITIALIZED_AUTOS = YES;
				GCC_WARN_UNUSED_FUNCTION = YES;
				GCC_WARN_UNUSED_VARIABLE = YES;
				IPHONEOS_DEPLOYMENT_TARGET = 7.0;
				ONLY_ACTIVE_ARCH = YES;
				SDKROOT = iphoneos;
				TARGETED_DEVICE_FAMILY = "1,2";
			};
			name = Debug;
		};
		52367CE017FC329100C1DA60 /* Release */ = {
			isa = XCBuildConfiguration;
			buildSettings = {
				ALWAYS_SEARCH_USER_PATHS = NO;
				ARCHS = "$(ARCHS_STANDARD_INCLUDING_64_BIT)";
				CLANG_CXX_LANGUAGE_STANDARD = "gnu++0x";
				CLANG_CXX_LIBRARY = "libc++";
				CLANG_ENABLE_MODULES = YES;
				CLANG_ENABLE_OBJC_ARC = YES;
				CLANG_WARN_BOOL_CONVERSION = YES;
				CLANG_WARN_CONSTANT_CONVERSION = YES;
				CLANG_WARN_DIRECT_OBJC_ISA_USAGE = YES_ERROR;
				CLANG_WARN_EMPTY_BODY = YES;
				CLANG_WARN_ENUM_CONVERSION = YES;
				CLANG_WARN_INT_CONVERSION = YES;
				CLANG_WARN_OBJC_ROOT_CLASS = YES_ERROR;
				CLANG_WARN__DUPLICATE_METHOD_MATCH = YES;
				"CODE_SIGN_IDENTITY[sdk=iphoneos*]" = "iPhone Developer";
				COPY_PHASE_STRIP = YES;
				ENABLE_NS_ASSERTIONS = NO;
				GCC_C_LANGUAGE_STANDARD = gnu99;
				GCC_WARN_64_TO_32_BIT_CONVERSION = YES;
				GCC_WARN_ABOUT_RETURN_TYPE = YES_ERROR;
				GCC_WARN_UNDECLARED_SELECTOR = YES;
				GCC_WARN_UNINITIALIZED_AUTOS = YES;
				GCC_WARN_UNUSED_FUNCTION = YES;
				GCC_WARN_UNUSED_VARIABLE = YES;
				IPHONEOS_DEPLOYMENT_TARGET = 7.0;
				SDKROOT = iphoneos;
				TARGETED_DEVICE_FAMILY = "1,2";
				VALIDATE_PRODUCT = YES;
			};
			name = Release;
		};
		52367CE217FC329100C1DA60 /* Debug */ = {
			isa = XCBuildConfiguration;
			baseConfigurationReference = DBD3B744B0DB421DA1A48671 /* Pods.xcconfig */;
			buildSettings = {
				ASSETCATALOG_COMPILER_APPICON_NAME = AppIcon;
				ASSETCATALOG_COMPILER_LAUNCHIMAGE_NAME = LaunchImage;
				CODE_SIGN_IDENTITY = "iPhone Developer";
				"CODE_SIGN_IDENTITY[sdk=iphoneos*]" = "iPhone Developer";
				GCC_PRECOMPILE_PREFIX_HEADER = YES;
				GCC_PREFIX_HEADER = "numericalMethods/numericalMethods-Prefix.pch";
				INFOPLIST_FILE = "numericalMethods/numericalMethods-Info.plist";
				IPHONEOS_DEPLOYMENT_TARGET = 7.0;
				PRODUCT_NAME = "$(TARGET_NAME)";
				PROVISIONING_PROFILE = "";
				TARGETED_DEVICE_FAMILY = 1;
				WRAPPER_EXTENSION = app;
			};
			name = Debug;
		};
		52367CE317FC329100C1DA60 /* Release */ = {
			isa = XCBuildConfiguration;
			baseConfigurationReference = DBD3B744B0DB421DA1A48671 /* Pods.xcconfig */;
			buildSettings = {
				ASSETCATALOG_COMPILER_APPICON_NAME = AppIcon;
				ASSETCATALOG_COMPILER_LAUNCHIMAGE_NAME = LaunchImage;
				CODE_SIGN_IDENTITY = "iPhone Developer";
				"CODE_SIGN_IDENTITY[sdk=iphoneos*]" = "iPhone Developer";
				GCC_PRECOMPILE_PREFIX_HEADER = YES;
				GCC_PREFIX_HEADER = "numericalMethods/numericalMethods-Prefix.pch";
				INFOPLIST_FILE = "numericalMethods/numericalMethods-Info.plist";
				IPHONEOS_DEPLOYMENT_TARGET = 7.0;
				PRODUCT_NAME = "$(TARGET_NAME)";
				PROVISIONING_PROFILE = "";
				TARGETED_DEVICE_FAMILY = 1;
				WRAPPER_EXTENSION = app;
			};
			name = Release;
		};
		52367CE517FC329100C1DA60 /* Debug */ = {
			isa = XCBuildConfiguration;
			buildSettings = {
				ARCHS = "$(ARCHS_STANDARD_INCLUDING_64_BIT)";
				BUNDLE_LOADER = "$(BUILT_PRODUCTS_DIR)/numericalMethods.app/numericalMethods";
				FRAMEWORK_SEARCH_PATHS = (
					"$(SDKROOT)/Developer/Library/Frameworks",
					"$(inherited)",
					"$(DEVELOPER_FRAMEWORKS_DIR)",
				);
				GCC_PRECOMPILE_PREFIX_HEADER = YES;
				GCC_PREFIX_HEADER = "numericalMethods/numericalMethods-Prefix.pch";
				GCC_PREPROCESSOR_DEFINITIONS = (
					"DEBUG=1",
					"$(inherited)",
				);
				INFOPLIST_FILE = "numericalMethodsTests/numericalMethodsTests-Info.plist";
				PRODUCT_NAME = "$(TARGET_NAME)";
				TEST_HOST = "$(BUNDLE_LOADER)";
				WRAPPER_EXTENSION = xctest;
			};
			name = Debug;
		};
		52367CE617FC329100C1DA60 /* Release */ = {
			isa = XCBuildConfiguration;
			buildSettings = {
				ARCHS = "$(ARCHS_STANDARD_INCLUDING_64_BIT)";
				BUNDLE_LOADER = "$(BUILT_PRODUCTS_DIR)/numericalMethods.app/numericalMethods";
				FRAMEWORK_SEARCH_PATHS = (
					"$(SDKROOT)/Developer/Library/Frameworks",
					"$(inherited)",
					"$(DEVELOPER_FRAMEWORKS_DIR)",
				);
				GCC_PRECOMPILE_PREFIX_HEADER = YES;
				GCC_PREFIX_HEADER = "numericalMethods/numericalMethods-Prefix.pch";
				INFOPLIST_FILE = "numericalMethodsTests/numericalMethodsTests-Info.plist";
				PRODUCT_NAME = "$(TARGET_NAME)";
				TEST_HOST = "$(BUNDLE_LOADER)";
				WRAPPER_EXTENSION = xctest;
			};
			name = Release;
		};
/* End XCBuildConfiguration section */

/* Begin XCConfigurationList section */
		52367CA717FC329100C1DA60 /* Build configuration list for PBXProject "numericalMethods" */ = {
			isa = XCConfigurationList;
			buildConfigurations = (
				52367CDF17FC329100C1DA60 /* Debug */,
				52367CE017FC329100C1DA60 /* Release */,
			);
			defaultConfigurationIsVisible = 0;
			defaultConfigurationName = Release;
		};
		52367CE117FC329100C1DA60 /* Build configuration list for PBXNativeTarget "numericalMethods" */ = {
			isa = XCConfigurationList;
			buildConfigurations = (
				52367CE217FC329100C1DA60 /* Debug */,
				52367CE317FC329100C1DA60 /* Release */,
			);
			defaultConfigurationIsVisible = 0;
			defaultConfigurationName = Release;
		};
		52367CE417FC329100C1DA60 /* Build configuration list for PBXNativeTarget "numericalMethodsTests" */ = {
			isa = XCConfigurationList;
			buildConfigurations = (
				52367CE517FC329100C1DA60 /* Debug */,
				52367CE617FC329100C1DA60 /* Release */,
			);
			defaultConfigurationIsVisible = 0;
			defaultConfigurationName = Release;
		};
/* End XCConfigurationList section */
	};
	rootObject = 52367CA417FC329100C1DA60 /* Project object */;
}
